
Microsoft Visual Studio Solution File, Format Version 12.00
# Visual Studio Version 16
VisualStudioVersion = 16.0.31729.503
MinimumVisualStudioVersion = 10.0.40219.1
Project("{FAE04EC0-301F-11D3-BF4B-00C04F79EFBC}") = "Reggie", "Reggie\Reggie.csproj", "{5D61F0D6-E9AE-4E67-890D-8360AC46963A}"
	ProjectSection(ProjectDependencies) = postProject
		{B4422C5E-99CD-42D0-B39E-94888DF81A3F} = {B4422C5E-99CD-42D0-B39E-94888DF81A3F}
		{2A8E4869-FE68-4A30-BE9F-65CBB72B70B3} = {2A8E4869-FE68-4A30-BE9F-65CBB72B70B3}
		{18F974B8-4B30-4C17-8C48-C05C59D0FF1D} = {18F974B8-4B30-4C17-8C48-C05C59D0FF1D}
	EndProjectSection
EndProject
Project("{FAE04EC0-301F-11D3-BF4B-00C04F79EFBC}") = "CharClsTableGen", "CharClsTableGen\CharClsTableGen.csproj", "{2A8E4869-FE68-4A30-BE9F-65CBB72B70B3}"
EndProject
Project("{9A19103F-16F7-4668-BE54-9A1E7A4F7556}") = "LexContext", "LexContext\LexContext.csproj", "{18F974B8-4B30-4C17-8C48-C05C59D0FF1D}"
EndProject
Project("{9A19103F-16F7-4668-BE54-9A1E7A4F7556}") = "FastFA", "FastFA\FastFA.csproj", "{B4422C5E-99CD-42D0-B39E-94888DF81A3F}"
	ProjectSection(ProjectDependencies) = postProject
		{2A8E4869-FE68-4A30-BE9F-65CBB72B70B3} = {2A8E4869-FE68-4A30-BE9F-65CBB72B70B3}
	EndProjectSection
EndProject
Project("{2150E333-8FDC-42A3-9474-1A3956D46DE8}") = "Misc", "Misc", "{119FB3DC-EC37-4800-AE09-E37FD7DFD3A9}"
	ProjectSection(SolutionItems) = preProject
		LICENSE = LICENSE
		README.md = README.md
	EndProjectSection
EndProject
Project("{FAE04EC0-301F-11D3-BF4B-00C04F79EFBC}") = "ImgScraper", "ImgScraper\ImgScraper.csproj", "{EA50C01B-8547-48FE-8AC9-05C04079574B}"
	ProjectSection(ProjectDependencies) = postProject
		{5D61F0D6-E9AE-4E67-890D-8360AC46963A} = {5D61F0D6-E9AE-4E67-890D-8360AC46963A}
	EndProjectSection
EndProject
Project("{FAE04EC0-301F-11D3-BF4B-00C04F79EFBC}") = "ReggiePerf", "ReggiePerf\ReggiePerf.csproj", "{DD1833E8-8592-4107-914E-D2332F4935FB}"
	ProjectSection(ProjectDependencies) = postProject
		{5D61F0D6-E9AE-4E67-890D-8360AC46963A} = {5D61F0D6-E9AE-4E67-890D-8360AC46963A}
	EndProjectSection
EndProject
Project("{FAE04EC0-301F-11D3-BF4B-00C04F79EFBC}") = "TokenizerDemo", "TokenizerDemo\TokenizerDemo.csproj", "{5F31E090-942E-4EE0-BBBF-4563554D5965}"
	ProjectSection(ProjectDependencies) = postProject
		{5D61F0D6-E9AE-4E67-890D-8360AC46963A} = {5D61F0D6-E9AE-4E67-890D-8360AC46963A}
	EndProjectSection
EndProject
Global
	GlobalSection(SolutionConfigurationPlatforms) = preSolution
		Debug|Any CPU = Debug|Any CPU
		Release|Any CPU = Release|Any CPU
	EndGlobalSection
	GlobalSection(ProjectConfigurationPlatforms) = postSolution
		{5D61F0D6-E9AE-4E67-890D-8360AC46963A}.Debug|Any CPU.ActiveCfg = Debug|Any CPU
		{5D61F0D6-E9AE-4E67-890D-8360AC46963A}.Debug|Any CPU.Build.0 = Debug|Any CPU
		{5D61F0D6-E9AE-4E67-890D-8360AC46963A}.Release|Any CPU.ActiveCfg = Release|Any CPU
		{5D61F0D6-E9AE-4E67-890D-8360AC46963A}.Release|Any CPU.Build.0 = Release|Any CPU
		{2A8E4869-FE68-4A30-BE9F-65CBB72B70B3}.Debug|Any CPU.ActiveCfg = Debug|Any CPU
		{2A8E4869-FE68-4A30-BE9F-65CBB72B70B3}.Debug|Any CPU.Build.0 = Debug|Any CPU
		{2A8E4869-FE68-4A30-BE9F-65CBB72B70B3}.Release|Any CPU.ActiveCfg = Release|Any CPU
		{2A8E4869-FE68-4A30-BE9F-65CBB72B70B3}.Release|Any CPU.Build.0 = Release|Any CPU
		{18F974B8-4B30-4C17-8C48-C05C59D0FF1D}.Debug|Any CPU.ActiveCfg = Debug|Any CPU
		{18F974B8-4B30-4C17-8C48-C05C59D0FF1D}.Debug|Any CPU.Build.0 = Debug|Any CPU
		{18F974B8-4B30-4C17-8C48-C05C59D0FF1D}.Release|Any CPU.ActiveCfg = Release|Any CPU
		{18F974B8-4B30-4C17-8C48-C05C59D0FF1D}.Release|Any CPU.Build.0 = Release|Any CPU
		{B4422C5E-99CD-42D0-B39E-94888DF81A3F}.Debug|Any CPU.ActiveCfg = Debug|Any CPU
		{B4422C5E-99CD-42D0-B39E-94888DF81A3F}.Debug|Any CPU.Build.0 = Debug|Any CPU
		{B4422C5E-99CD-42D0-B39E-94888DF81A3F}.Release|Any CPU.ActiveCfg = Release|Any CPU
		{B4422C5E-99CD-42D0-B39E-94888DF81A3F}.Release|Any CPU.Build.0 = Release|Any CPU
		{EA50C01B-8547-48FE-8AC9-05C04079574B}.Debug|Any CPU.ActiveCfg = Debug|Any CPU
		{EA50C01B-8547-48FE-8AC9-05C04079574B}.Debug|Any CPU.Build.0 = Debug|Any CPU
		{EA50C01B-8547-48FE-8AC9-05C04079574B}.Release|Any CPU.ActiveCfg = Release|Any CPU
		{EA50C01B-8547-48FE-8AC9-05C04079574B}.Release|Any CPU.Build.0 = Release|Any CPU
		{DD1833E8-8592-4107-914E-D2332F4935FB}.Debug|Any CPU.ActiveCfg = Debug|Any CPU
		{DD1833E8-8592-4107-914E-D2332F4935FB}.Debug|Any CPU.Build.0 = Debug|Any CPU
		{DD1833E8-8592-4107-914E-D2332F4935FB}.Release|Any CPU.ActiveCfg = Release|Any CPU
		{DD1833E8-8592-4107-914E-D2332F4935FB}.Release|Any CPU.Build.0 = Release|Any CPU
		{5F31E090-942E-4EE0-BBBF-4563554D5965}.Debug|Any CPU.ActiveCfg = Debug|Any CPU
		{5F31E090-942E-4EE0-BBBF-4563554D5965}.Debug|Any CPU.Build.0 = Debug|Any CPU
		{5F31E090-942E-4EE0-BBBF-4563554D5965}.Release|Any CPU.ActiveCfg = Release|Any CPU
		{5F31E090-942E-4EE0-BBBF-4563554D5965}.Release|Any CPU.Build.0 = Release|Any CPU
	EndGlobalSection
	GlobalSection(SolutionProperties) = preSolution
		HideSolutionNode = FALSE
	EndGlobalSection
	GlobalSection(ExtensibilityGlobals) = postSolution
		SolutionGuid = {716298FE-A777-4A34-91D8-543370AC59A6}
	EndGlobalSection
EndGlobal
